
Microsoft Visual Studio Solution File, Format Version 12.00
# Visual Studio 15
Project("{FAE04EC0-301F-11D3-BF4B-00C04F79EFBC}") = "VuforiaScripts", "VuforiaScripts.csproj", "{C6291A7B-9DE7-21BB-F6CB-267F789E0FA3}"
EndProject
Project("{FAE04EC0-301F-11D3-BF4B-00C04F79EFBC}") = "Assembly-CSharp", "Assembly-CSharp.csproj", "{F7C7CF4A-CED7-DC87-67A7-32B414AD774D}"
EndProject
Project("{FAE04EC0-301F-11D3-BF4B-00C04F79EFBC}") = "VuforiaEditorScripts", "VuforiaEditorScripts.csproj", "{64B3F89E-2BD7-92A4-113E-5C05218A12CE}"
EndProject
Global
	GlobalSection(SolutionConfigurationPlatforms) = preSolution
		Debug|Any CPU = Debug|Any CPU
		Release|Any CPU = Release|Any CPU
	EndGlobalSection
	GlobalSection(ProjectConfigurationPlatforms) = postSolution
		{C6291A7B-9DE7-21BB-F6CB-267F789E0FA3}.Debug|Any CPU.ActiveCfg = Debug|Any CPU
		{C6291A7B-9DE7-21BB-F6CB-267F789E0FA3}.Debug|Any CPU.Build.0 = Debug|Any CPU
		{C6291A7B-9DE7-21BB-F6CB-267F789E0FA3}.Release|Any CPU.ActiveCfg = Release|Any CPU
		{C6291A7B-9DE7-21BB-F6CB-267F789E0FA3}.Release|Any CPU.Build.0 = Release|Any CPU
		{F7C7CF4A-CED7-DC87-67A7-32B414AD774D}.Debug|Any CPU.ActiveCfg = Debug|Any CPU
		{F7C7CF4A-CED7-DC87-67A7-32B414AD774D}.Debug|Any CPU.Build.0 = Debug|Any CPU
		{F7C7CF4A-CED7-DC87-67A7-32B414AD774D}.Release|Any CPU.ActiveCfg = Release|Any CPU
		{F7C7CF4A-CED7-DC87-67A7-32B414AD774D}.Release|Any CPU.Build.0 = Release|Any CPU
		{64B3F89E-2BD7-92A4-113E-5C05218A12CE}.Debug|Any CPU.ActiveCfg = Debug|Any CPU
		{64B3F89E-2BD7-92A4-113E-5C05218A12CE}.Debug|Any CPU.Build.0 = Debug|Any CPU
		{64B3F89E-2BD7-92A4-113E-5C05218A12CE}.Release|Any CPU.ActiveCfg = Release|Any CPU
		{64B3F89E-2BD7-92A4-113E-5C05218A12CE}.Release|Any CPU.Build.0 = Release|Any CPU
	EndGlobalSection
	GlobalSection(SolutionProperties) = preSolution
		HideSolutionNode = FALSE
	EndGlobalSection
	GlobalSection(MonoDevelopProperties) = preSolution
		StartupItem = Assembly-CSharp.csproj
	EndGlobalSection
EndGlobal
